
Microsoft Visual Studio Solution File, Format Version 12.00
# Visual Studio Version 17
VisualStudioVersion = 17.13.35806.99
MinimumVisualStudioVersion = 10.0.40219.1
Project("{FAE04EC0-301F-11D3-BF4B-00C04F79EFBC}") = "EGM", "ConsoleApp\EGM.csproj", "{881D7A9D-964E-49A0-B7D6-4AD6EB073FE5}"
EndProject
Global
	GlobalSection(SolutionConfigurationPlatforms) = preSolution
		Debug|Any CPU = Debug|Any CPU
		Release|Any CPU = Release|Any CPU
	EndGlobalSection
	GlobalSection(ProjectConfigurationPlatforms) = postSolution
		{881D7A9D-964E-49A0-B7D6-4AD6EB073FE5}.Debug|Any CPU.ActiveCfg = Debug|Any CPU
		{881D7A9D-964E-49A0-B7D6-4AD6EB073FE5}.Debug|Any CPU.Build.0 = Debug|Any CPU
		{881D7A9D-964E-49A0-B7D6-4AD6EB073FE5}.Release|Any CPU.ActiveCfg = Release|Any CPU
		{881D7A9D-964E-49A0-B7D6-4AD6EB073FE5}.Release|Any CPU.Build.0 = Release|Any CPU
	EndGlobalSection
	GlobalSection(SolutionProperties) = preSolution
		HideSolutionNode = FALSE
	EndGlobalSection
	GlobalSection(ExtensibilityGlobals) = postSolution
		SolutionGuid = {B494F662-8292-41A3-BBF1-83209EF09D28}
	EndGlobalSection
EndGlobal
